{
  "version": 4,
  "terraform_version": "1.2.3",
  "serial": 1,
  "lineage": "6f511bf0-fef6-f02e-faf1-01114ed119fc",
  "outputs": {},
  "resources": [
    {
      "mode": "managed",
      "type": "aws_iam_user",
      "name": "tf-user",
      "provider": "provider[\"registry.terraform.io/hashicorp/aws\"]",
      "instances": [
        {
          "schema_version": 0,
          "attributes": {
            "arn": "arn:aws:iam::120743786719:user/tf-user_123",
            "force_destroy": false,
            "id": "tf-user_123",
            "name": "tf-user_123",
            "path": "/",
            "permissions_boundary": null,
            "tags": null,
            "unique_id": "AIDARYHHD7DPQ2GBXWOWF"
          },
          "sensitive_attributes": [],
          "private": "bnVsbA=="
        }
      ]
    }
  ]
}
